
Microsoft Visual Studio Solution File, Format Version 12.00
# Visual Studio 14
VisualStudioVersion = 14.0.25420.1
MinimumVisualStudioVersion = 10.0.40219.1
Project("{FAE04EC0-301F-11D3-BF4B-00C04F79EFBC}") = "WebApplication1", "WebApplication1\WebApplication1.csproj", "{642A0B5C-82BC-4025-B3B1-BE1E96BB75FE}"
EndProject
Project("{FAE04EC0-301F-11D3-BF4B-00C04F79EFBC}") = "service", "service\service.csproj", "{476C87EF-FDEA-45CF-8DC4-B1F6474A5ADD}"
EndProject
Global
	GlobalSection(SolutionConfigurationPlatforms) = preSolution
		Debug|Any CPU = Debug|Any CPU
		Release|Any CPU = Release|Any CPU
	EndGlobalSection
	GlobalSection(ProjectConfigurationPlatforms) = postSolution
		{642A0B5C-82BC-4025-B3B1-BE1E96BB75FE}.Debug|Any CPU.ActiveCfg = Debug|Any CPU
		{642A0B5C-82BC-4025-B3B1-BE1E96BB75FE}.Debug|Any CPU.Build.0 = Debug|Any CPU
		{642A0B5C-82BC-4025-B3B1-BE1E96BB75FE}.Release|Any CPU.ActiveCfg = Release|Any CPU
		{642A0B5C-82BC-4025-B3B1-BE1E96BB75FE}.Release|Any CPU.Build.0 = Release|Any CPU
		{476C87EF-FDEA-45CF-8DC4-B1F6474A5ADD}.Debug|Any CPU.ActiveCfg = Debug|Any CPU
		{476C87EF-FDEA-45CF-8DC4-B1F6474A5ADD}.Debug|Any CPU.Build.0 = Debug|Any CPU
		{476C87EF-FDEA-45CF-8DC4-B1F6474A5ADD}.Release|Any CPU.ActiveCfg = Release|Any CPU
		{476C87EF-FDEA-45CF-8DC4-B1F6474A5ADD}.Release|Any CPU.Build.0 = Release|Any CPU
	EndGlobalSection
	GlobalSection(SolutionProperties) = preSolution
		HideSolutionNode = FALSE
	EndGlobalSection
EndGlobal
